# This file is automatically @generated by Poetry 1.8.3 and should not be changed by hand.

[[package]]
name = "hazelcast-python-client"
version = "5.5.0"
description = "Hazelcast Python Client"
optional = false
python-versions = "*"
files = [
    {file = "hazelcast_python_client-5.5.0-py3-none-any.whl", hash = "sha256:c797c23c219971d225f8590f6359692c14059c26baa15c2762c95667ae38b90a"},
    {file = "hazelcast_python_client-5.5.0.tar.gz", hash = "sha256:dc8d7c1f494e02994238759ad45a9d9d54a569b8e12f198a0efa6e192774b16d"},
]

[package.extras]
stats = ["psutil"]

[metadata]
lock-version = "2.0"
python-versions = "3.12.3"
content-hash = "1768fbc41b6fb205a6668da6401cd28c5f6cc7d4526834a171b679168abf16e0"
